{
  "version": 4,
  "terraform_version": "1.10.2",
  "serial": 27,
  "lineage": "80d1b8eb-37e2-75d5-6854-a640624968a5",
  "outputs": {},
  "resources": [
    {
      "mode": "managed",
      "type": "azurerm_linux_web_app",
      "name": "appservice",
      "provider": "provider[\"registry.terraform.io/hashicorp/azurerm\"]",
      "instances": [
        {
          "schema_version": 1,
          "attributes": {
            "app_settings": {
              "WEBSITE_NODE_DEFAULT_VERSION": "14.x"
            },
            "auth_settings": [],
            "auth_settings_v2": [],
            "backup": [],
            "client_affinity_enabled": false,
            "client_certificate_enabled": false,
            "client_certificate_exclusion_paths": "",
            "client_certificate_mode": "Required",
            "connection_string": [],
            "custom_domain_verification_id": "BA5F5BF115C22F8E6E1B1EB8FDAB8FA2076E61A1CE7A873E1E2C0A0160FF0B7B",
            "default_hostname": "nodejs-azure-app.azurewebsites.net",
            "enabled": true,
            "ftp_publish_basic_authentication_enabled": true,
            "hosting_environment_id": "",
            "https_only": false,
            "id": "/subscriptions/151c8bbb-445c-4a3d-a5e3-e982c97fac2c/resourceGroups/nodejs-azure-rg/providers/Microsoft.Web/sites/nodejs-azure-app",
            "identity": [],
            "key_vault_reference_identity_id": "SystemAssigned",
            "kind": "app,linux",
            "location": "westus",
            "logs": [],
            "name": "nodejs-azure-app",
            "outbound_ip_address_list": [
              "40.118.229.231",
              "13.64.89.216",
              "40.78.16.175",
              "52.160.111.150",
              "40.112.243.7"
            ],
            "outbound_ip_addresses": "40.118.229.231,13.64.89.216,40.78.16.175,52.160.111.150,40.112.243.7",
            "possible_outbound_ip_address_list": [
              "40.118.229.231",
              "13.64.89.216",
              "40.78.16.175",
              "52.160.111.150",
              "13.64.91.216",
              "13.64.94.144",
              "13.91.124.136",
              "13.91.125.204",
              "40.118.239.192",
              "20.66.65.87",
              "20.66.65.148",
              "20.66.65.179",
              "20.66.65.194",
              "20.66.65.238",
              "20.66.66.73",
              "20.66.66.201",
              "20.66.66.240",
              "20.66.67.80",
              "20.66.67.244",
              "20.66.68.29",
              "20.66.68.55",
              "40.112.243.7"
            ],
            "possible_outbound_ip_addresses": "40.118.229.231,13.64.89.216,40.78.16.175,52.160.111.150,13.64.91.216,13.64.94.144,13.91.124.136,13.91.125.204,40.118.239.192,20.66.65.87,20.66.65.148,20.66.65.179,20.66.65.194,20.66.65.238,20.66.66.73,20.66.66.201,20.66.66.240,20.66.67.80,20.66.67.244,20.66.68.29,20.66.68.55,40.112.243.7",
            "public_network_access_enabled": true,
            "resource_group_name": "nodejs-azure-rg",
            "service_plan_id": "/subscriptions/151c8bbb-445c-4a3d-a5e3-e982c97fac2c/resourceGroups/nodejs-azure-rg/providers/Microsoft.Web/serverFarms/nodejs-service-plan",
            "site_config": [
              {
                "always_on": false,
                "api_definition_url": "",
                "api_management_api_id": "",
                "app_command_line": "",
                "application_stack": [
                  {
                    "docker_image_name": "",
                    "docker_registry_password": "",
                    "docker_registry_url": "",
                    "docker_registry_username": "",
                    "dotnet_version": "",
                    "go_version": "",
                    "java_server": "",
                    "java_server_version": "",
                    "java_version": "",
                    "node_version": "",
                    "php_version": "",
                    "python_version": "",
                    "ruby_version": ""
                  }
                ],
                "auto_heal_setting": [],
                "container_registry_managed_identity_client_id": "",
                "container_registry_use_managed_identity": false,
                "cors": [],
                "default_documents": [
                  "Default.htm",
                  "Default.html",
                  "Default.asp",
                  "index.htm",
                  "index.html",
                  "iisstart.htm",
                  "default.aspx",
                  "index.php",
                  "hostingstart.html"
                ],
                "detailed_error_logging_enabled": false,
                "ftps_state": "Disabled",
                "health_check_eviction_time_in_min": 0,
                "health_check_path": "",
                "http2_enabled": false,
                "ip_restriction": [],
                "ip_restriction_default_action": "Allow",
                "linux_fx_version": "",
                "load_balancing_mode": "LeastRequests",
                "local_mysql_enabled": false,
                "managed_pipeline_mode": "Integrated",
                "minimum_tls_version": "1.2",
                "remote_debugging_enabled": false,
                "remote_debugging_version": "VS2022",
                "scm_ip_restriction": [],
                "scm_ip_restriction_default_action": "Allow",
                "scm_minimum_tls_version": "1.2",
                "scm_type": "None",
                "scm_use_main_ip_restriction": false,
                "use_32_bit_worker": true,
                "vnet_route_all_enabled": false,
                "websockets_enabled": false,
                "worker_count": 1
              }
            ],
            "site_credential": [
              {
                "name": "$nodejs-azure-app",
                "password": "SrE3Jpe6M9mbfJlK28xtlcGWyyAnfMlosXK2fqpbB0gblylFHa9xshgtjMgJ"
              }
            ],
            "sticky_settings": [],
            "storage_account": [],
            "tags": null,
            "timeouts": null,
            "virtual_network_subnet_id": "",
            "webdeploy_publish_basic_authentication_enabled": true,
            "zip_deploy_file": ""
          },
          "sensitive_attributes": [
            [
              {
                "type": "get_attr",
                "value": "custom_domain_verification_id"
              }
            ],
            [
              {
                "type": "get_attr",
                "value": "site_credential"
              }
            ],
            [
              {
                "type": "get_attr",
                "value": "site_config"
              },
              {
                "type": "index",
                "value": {
                  "value": 0,
                  "type": "number"
                }
              },
              {
                "type": "get_attr",
                "value": "application_stack"
              },
              {
                "type": "index",
                "value": {
                  "value": 0,
                  "type": "number"
                }
              },
              {
                "type": "get_attr",
                "value": "docker_registry_password"
              }
            ]
          ],
          "private": "eyJlMmJmYjczMC1lY2FhLTExZTYtOGY4OC0zNDM2M2JjN2M0YzAiOnsiY3JlYXRlIjoxODAwMDAwMDAwMDAwLCJkZWxldGUiOjE4MDAwMDAwMDAwMDAsInJlYWQiOjMwMDAwMDAwMDAwMCwidXBkYXRlIjoxODAwMDAwMDAwMDAwfSwic2NoZW1hX3ZlcnNpb24iOiIxIn0=",
          "dependencies": [
            "azurerm_resource_group.rg",
            "azurerm_service_plan.serviceplan"
          ]
        }
      ]
    },
    {
      "mode": "managed",
      "type": "azurerm_resource_group",
      "name": "rg",
      "provider": "provider[\"registry.terraform.io/hashicorp/azurerm\"]",
      "instances": [
        {
          "schema_version": 0,
          "attributes": {
            "id": "/subscriptions/151c8bbb-445c-4a3d-a5e3-e982c97fac2c/resourceGroups/nodejs-azure-rg",
            "location": "westus",
            "managed_by": "",
            "name": "nodejs-azure-rg",
            "tags": null,
            "timeouts": null
          },
          "sensitive_attributes": [],
          "private": "eyJlMmJmYjczMC1lY2FhLTExZTYtOGY4OC0zNDM2M2JjN2M0YzAiOnsiY3JlYXRlIjo1NDAwMDAwMDAwMDAwLCJkZWxldGUiOjU0MDAwMDAwMDAwMDAsInJlYWQiOjMwMDAwMDAwMDAwMCwidXBkYXRlIjo1NDAwMDAwMDAwMDAwfX0="
        }
      ]
    },
    {
      "mode": "managed",
      "type": "azurerm_service_plan",
      "name": "serviceplan",
      "provider": "provider[\"registry.terraform.io/hashicorp/azurerm\"]",
      "instances": [
        {
          "schema_version": 1,
          "attributes": {
            "app_service_environment_id": "",
            "id": "/subscriptions/151c8bbb-445c-4a3d-a5e3-e982c97fac2c/resourceGroups/nodejs-azure-rg/providers/Microsoft.Web/serverFarms/nodejs-service-plan",
            "kind": "linux",
            "location": "westus",
            "maximum_elastic_worker_count": 1,
            "name": "nodejs-service-plan",
            "os_type": "Linux",
            "per_site_scaling_enabled": false,
            "reserved": true,
            "resource_group_name": "nodejs-azure-rg",
            "sku_name": "B1",
            "tags": null,
            "timeouts": null,
            "worker_count": 1,
            "zone_balancing_enabled": false
          },
          "sensitive_attributes": [],
          "private": "eyJlMmJmYjczMC1lY2FhLTExZTYtOGY4OC0zNDM2M2JjN2M0YzAiOnsiY3JlYXRlIjozNjAwMDAwMDAwMDAwLCJkZWxldGUiOjM2MDAwMDAwMDAwMDAsInJlYWQiOjMwMDAwMDAwMDAwMCwidXBkYXRlIjozNjAwMDAwMDAwMDAwfSwic2NoZW1hX3ZlcnNpb24iOiIxIn0=",
          "dependencies": [
            "azurerm_resource_group.rg"
          ]
        }
      ]
    }
  ],
  "check_results": null
}
